# THIS IS AN AUTOGENERATED FILE. DO NOT EDIT THIS FILE DIRECTLY.
# yarn lockfile v1


"@playwright/test@1.43.0":
  version "1.43.0"
  resolved "https://registry.yarnpkg.com/@playwright/test/-/test-1.43.0.tgz#5d90f247b26d404dd5d81c60f9c7c5e5159eb664"
  integrity sha512-Ebw0+MCqoYflop7wVKj711ccbNlrwTBCtjY5rlbiY9kHL2bCYxq+qltK6uPsVBGGAOb033H2VO0YobcQVxoW7Q==
  dependencies:
    playwright "1.43.0"

"@types/node@20.12.4":
  version "20.12.4"
  resolved "https://registry.yarnpkg.com/@types/node/-/node-20.12.4.tgz#af5921bd75ccdf3a3d8b3fa75bf3d3359268cd11"
  integrity sha512-E+Fa9z3wSQpzgYQdYmme5X3OTuejnnTx88A6p6vkkJosR3KBz+HpE3kqNm98VE6cfLFcISx7zW7MsJkH6KwbTw==
  dependencies:
    undici-types "~5.26.4"

allure-commandline@^2.29.0:
  version "2.29.0"
  resolved "https://registry.yarnpkg.com/allure-commandline/-/allure-commandline-2.29.0.tgz#4bdd67a174f48a0c429727a4b02602c8fc4e7620"
  integrity sha512-he/oWJflViIdEmuQ4er5k+xRd//PaVVElHHTx01h6W71KM9qKiLeF5MloV93UBYoJRzjD9fgbZedSMKemCEGkQ==

allure-js-commons@3.0.0-beta.3:
  version "3.0.0-beta.3"
  resolved "https://registry.yarnpkg.com/allure-js-commons/-/allure-js-commons-3.0.0-beta.3.tgz#cc7d0a03bc3efee475e6c9d06471ef9b914d75d1"
  integrity sha512-akVMlszV8yw7WciiizHjiW646mRAbz5ClI9Dqa6l3pzAL46IH09/XN5QCQf19csVUZWA7T7sffRiQVc+9tIfRg==
  dependencies:
    md5 "^2.3.0"
    properties "^1.2.1"

allure-playwright@^3.0.0-beta.3:
  version "3.0.0-beta.3"
  resolved "https://registry.yarnpkg.com/allure-playwright/-/allure-playwright-3.0.0-beta.3.tgz#a69fca3475550e28fbb49bcd4c3b7da330305c5d"
  integrity sha512-4TD2IZbSRWrDdO6OtAdRt5UHOWphAscGeLG1yhTK8NvWNIhJPD+3xUets9KEEs5822Lp1Sd/3EcPjxWxJlVwpw==
  dependencies:
    allure-js-commons "3.0.0-beta.3"

charenc@0.0.2:
  version "0.0.2"
  resolved "https://registry.yarnpkg.com/charenc/-/charenc-0.0.2.tgz#c0a1d2f3a7092e03774bfa83f14c0fc5790a8667"
  integrity sha512-yrLQ/yVUFXkzg7EDQsPieE/53+0RlaWTs+wBrvW36cyilJ2SaDWfl4Yj7MtLTXleV9uEKefbAGUPv2/iWSooRA==

crypt@0.0.2:
  version "0.0.2"
  resolved "https://registry.yarnpkg.com/crypt/-/crypt-0.0.2.tgz#88d7ff7ec0dfb86f713dc87bbb42d044d3e6c41b"
  integrity sha512-mCxBlsHFYh9C+HVpiEacem8FEBnMXgU9gy4zmNC+SXAZNB/1idgp/aulFJ4FgCi7GPEVbfyng092GqL2k2rmow==

fsevents@2.3.2:
  version "2.3.2"
  resolved "https://registry.yarnpkg.com/fsevents/-/fsevents-2.3.2.tgz#8a526f78b8fdf4623b709e0b975c52c24c02fd1a"
  integrity sha512-xiqMQR4xAeHTuB9uWm+fFRcIOgKBMiOBP+eXiyT7jsgVCq1bkVygt00oASowB7EdtpOHaaPgKt812P9ab+DDKA==

is-buffer@~1.1.6:
  version "1.1.6"
  resolved "https://registry.yarnpkg.com/is-buffer/-/is-buffer-1.1.6.tgz#efaa2ea9daa0d7ab2ea13a97b2b8ad51fefbe8be"
  integrity sha512-NcdALwpXkTm5Zvvbk7owOUSvVvBKDgKP5/ewfXEznmQFfs4ZRmanOeKBTjRVjka3QFoN6XJ+9F3USqfHqTaU5w==

md5@^2.3.0:
  version "2.3.0"
  resolved "https://registry.yarnpkg.com/md5/-/md5-2.3.0.tgz#c3da9a6aae3a30b46b7b0c349b87b110dc3bda4f"
  integrity sha512-T1GITYmFaKuO91vxyoQMFETst+O71VUPEU3ze5GNzDm0OWdP8v1ziTaAEPUr/3kLsY3Sftgz242A1SetQiDL7g==
  dependencies:
    charenc "0.0.2"
    crypt "0.0.2"
    is-buffer "~1.1.6"

playwright-core@1.43.0:
  version "1.43.0"
  resolved "https://registry.yarnpkg.com/playwright-core/-/playwright-core-1.43.0.tgz#d8079acb653abebb0b63062e432479647a4e1271"
  integrity sha512-iWFjyBUH97+pUFiyTqSLd8cDMMOS0r2ZYz2qEsPjH8/bX++sbIJT35MSwKnp1r/OQBAqC5XO99xFbJ9XClhf4w==

playwright@1.43.0:
  version "1.43.0"
  resolved "https://registry.yarnpkg.com/playwright/-/playwright-1.43.0.tgz#2c2efd4ee2a25defd8c24c98ccb342bdd9d435f5"
  integrity sha512-SiOKHbVjTSf6wHuGCbqrEyzlm6qvXcv7mENP+OZon1I07brfZLGdfWV0l/efAzVx7TF3Z45ov1gPEkku9q25YQ==
  dependencies:
    playwright-core "1.43.0"
  optionalDependencies:
    fsevents "2.3.2"

properties@^1.2.1:
  version "1.2.1"
  resolved "https://registry.yarnpkg.com/properties/-/properties-1.2.1.tgz#0ee97a7fc020b1a2a55b8659eda4aa8d869094bd"
  integrity sha512-qYNxyMj1JeW54i/EWEFsM1cVwxJbtgPp8+0Wg9XjNaK6VE/c4oRi6PNu5p7w1mNXEIQIjV5Wwn8v8Gz82/QzdQ==

typescript@5.4.5:
  version "5.4.5"
  resolved "https://registry.yarnpkg.com/typescript/-/typescript-5.4.5.tgz#42ccef2c571fdbd0f6718b1d1f5e6e5ef006f611"
  integrity sha512-vcI4UpRgg81oIRUFwR0WSIHKt11nJ7SAVlYNIu+QpqeyXP+gpQJy/Z4+F0aGxSE4MqwjyXvW/TzgkLAx2AGHwQ==

undici-types@~5.26.4:
  version "5.26.5"
  resolved "https://registry.yarnpkg.com/undici-types/-/undici-types-5.26.5.tgz#bcd539893d00b56e964fd2657a4866b221a65617"
  integrity sha512-JlCMO+ehdEIKqlFxk6IfVoAUVmgz7cU7zD/h9XZ0qzeosSHmUJVOzSQvvYSYWXkFXC+IfLKSIffhv0sVZup6pA==
